# THIS IS AN AUTOGENERATED FILE. DO NOT EDIT THIS FILE DIRECTLY.
# yarn lockfile v1


"@babel/runtime@^7.13.10":
  "integrity" "sha512-mrzLkl6U9YLF8qpqI7TB82PESyEGjm/0Ly91jG575eVxMMlb8fYfOXFZIJ8XfLrJZQbm7dlKry2bJmXBUEkdFg=="
  "resolved" "https://registry.npmjs.org/@babel/runtime/-/runtime-7.20.1.tgz"
  "version" "7.20.1"
  dependencies:
    "regenerator-runtime" "^0.13.10"

"@floating-ui/core@^0.7.3":
  "integrity" "sha512-buc8BXHmG9l82+OQXOFU3Kr2XQx9ys01U/Q9HMIrZ300iLc8HLMgh7dcCqgYzAzf4BkoQvDcXf5Y+CuEZ5JBYg=="
  "resolved" "https://registry.npmjs.org/@floating-ui/core/-/core-0.7.3.tgz"
  "version" "0.7.3"

"@floating-ui/dom@^0.5.3":
  "integrity" "sha512-419BMceRLq0RrmTSDxn8hf9R3VCJv2K9PUfugh5JyEFmdjzDo+e8U5EdR8nzKq8Yj1htzLm3b6eQEEam3/rrtg=="
  "resolved" "https://registry.npmjs.org/@floating-ui/dom/-/dom-0.5.4.tgz"
  "version" "0.5.4"
  dependencies:
    "@floating-ui/core" "^0.7.3"

"@floating-ui/react-dom@0.7.2":
  "integrity" "sha512-1T0sJcpHgX/u4I1OzIEhlcrvkUN8ln39nz7fMoE/2HDHrPiMFoOGR7++GYyfUmIQHkkrTinaeQsO3XWubjSvGg=="
  "resolved" "https://registry.npmjs.org/@floating-ui/react-dom/-/react-dom-0.7.2.tgz"
  "version" "0.7.2"
  dependencies:
    "@floating-ui/dom" "^0.5.3"
    "use-isomorphic-layout-effect" "^1.1.1"

"@next/env@13.0.2":
  "integrity" "sha512-Qb6WPuRriGIQ19qd6NBxpcrFOfj8ziN7l9eZUfwff5gl4zLXluqtuZPddYZM/oWjN53ZYcuRXzL+oowKyJeYtA=="
  "resolved" "https://registry.npmjs.org/@next/env/-/env-13.0.2.tgz"
  "version" "13.0.2"

"@next/swc-linux-x64-gnu@13.0.2":
  "integrity" "sha512-pi63RoxvG4ES1KS06Zpm0MATVIXTs/TIbLbdckeLoM40u1d3mQl/+hSSrLRSxzc2OtyL8fh92sM4gkJrQXAMAw=="
  "resolved" "https://registry.npmjs.org/@next/swc-linux-x64-gnu/-/swc-linux-x64-gnu-13.0.2.tgz"
  "version" "13.0.2"

"@next/swc-linux-x64-musl@13.0.2":
  "integrity" "sha512-9Pv91gfYnDONgjtRm78n64b/c54+azeHtlnqBLTnIFWSMBDRl1/WDkhKWIj3fBGPLimtK7Tko3ULR3og9RRUPw=="
  "resolved" "https://registry.npmjs.org/@next/swc-linux-x64-musl/-/swc-linux-x64-musl-13.0.2.tgz"
  "version" "13.0.2"

"@radix-ui/primitive@1.0.0":
  "integrity" "sha512-3e7rn8FDMin4CgeL7Z/49smCA3rFYY3Ha2rUQ7HRWFadS5iCRw08ZgVT1LaNTCNqgvrUiyczLflrVrF0SRQtNA=="
  "resolved" "https://registry.npmjs.org/@radix-ui/primitive/-/primitive-1.0.0.tgz"
  "version" "1.0.0"
  dependencies:
    "@babel/runtime" "^7.13.10"

"@radix-ui/react-arrow@1.0.1":
  "integrity" "sha512-1yientwXqXcErDHEv8av9ZVNEBldH8L9scVR3is20lL+jOCfcJyMFZFEY5cgIrgexsq1qggSXqiEL/d/4f+QXA=="
  "resolved" "https://registry.npmjs.org/@radix-ui/react-arrow/-/react-arrow-1.0.1.tgz"
  "version" "1.0.1"
  dependencies:
    "@babel/runtime" "^7.13.10"
    "@radix-ui/react-primitive" "1.0.1"

"@radix-ui/react-compose-refs@1.0.0":
  "integrity" "sha512-0KaSv6sx787/hK3eF53iOkiSLwAGlFMx5lotrqD2pTjB18KbybKoEIgkNZTKC60YECDQTKGTRcDBILwZVqVKvA=="
  "resolved" "https://registry.npmjs.org/@radix-ui/react-compose-refs/-/react-compose-refs-1.0.0.tgz"
  "version" "1.0.0"
  dependencies:
    "@babel/runtime" "^7.13.10"

"@radix-ui/react-context@1.0.0":
  "integrity" "sha512-1pVM9RfOQ+n/N5PJK33kRSKsr1glNxomxONs5c49MliinBY6Yw2Q995qfBUUo0/Mbg05B/sGA0gkgPI7kmSHBg=="
  "resolved" "https://registry.npmjs.org/@radix-ui/react-context/-/react-context-1.0.0.tgz"
  "version" "1.0.0"
  dependencies:
    "@babel/runtime" "^7.13.10"

"@radix-ui/react-dismissable-layer@1.0.2":
  "integrity" "sha512-WjJzMrTWROozDqLB0uRWYvj4UuXsM/2L19EmQ3Au+IJWqwvwq9Bwd+P8ivo0Deg9JDPArR1I6MbWNi1CmXsskg=="
  "resolved" "https://registry.npmjs.org/@radix-ui/react-dismissable-layer/-/react-dismissable-layer-1.0.2.tgz"
  "version" "1.0.2"
  dependencies:
    "@babel/runtime" "^7.13.10"
    "@radix-ui/primitive" "1.0.0"
    "@radix-ui/react-compose-refs" "1.0.0"
    "@radix-ui/react-primitive" "1.0.1"
    "@radix-ui/react-use-callback-ref" "1.0.0"
    "@radix-ui/react-use-escape-keydown" "1.0.2"

"@radix-ui/react-focus-guards@1.0.0":
  "integrity" "sha512-UagjDk4ijOAnGu4WMUPj9ahi7/zJJqNZ9ZAiGPp7waUWJO0O1aWXi/udPphI0IUjvrhBsZJGSN66dR2dsueLWQ=="
  "resolved" "https://registry.npmjs.org/@radix-ui/react-focus-guards/-/react-focus-guards-1.0.0.tgz"
  "version" "1.0.0"
  dependencies:
    "@babel/runtime" "^7.13.10"

"@radix-ui/react-focus-scope@1.0.1":
  "integrity" "sha512-Ej2MQTit8IWJiS2uuujGUmxXjF/y5xZptIIQnyd2JHLwtV0R2j9NRVoRj/1j/gJ7e3REdaBw4Hjf4a1ImhkZcQ=="
  "resolved" "https://registry.npmjs.org/@radix-ui/react-focus-scope/-/react-focus-scope-1.0.1.tgz"
  "version" "1.0.1"
  dependencies:
    "@babel/runtime" "^7.13.10"
    "@radix-ui/react-compose-refs" "1.0.0"
    "@radix-ui/react-primitive" "1.0.1"
    "@radix-ui/react-use-callback-ref" "1.0.0"

"@radix-ui/react-id@1.0.0":
  "integrity" "sha512-Q6iAB/U7Tq3NTolBBQbHTgclPmGWE3OlktGGqrClPozSw4vkQ1DfQAOtzgRPecKsMdJINE05iaoDUG8tRzCBjw=="
  "resolved" "https://registry.npmjs.org/@radix-ui/react-id/-/react-id-1.0.0.tgz"
  "version" "1.0.0"
  dependencies:
    "@babel/runtime" "^7.13.10"
    "@radix-ui/react-use-layout-effect" "1.0.0"

"@radix-ui/react-popover@1.0.2":
  "integrity" "sha512-4tqZEl9w95R5mlZ/sFdgBnfhCBOEPepLIurBA5kt/qaAhldJ1tNQd0ngr0ET0AHbPotT4mwxMPr7a+MA/wbK0g=="
  "resolved" "https://registry.npmjs.org/@radix-ui/react-popover/-/react-popover-1.0.2.tgz"
  "version" "1.0.2"
  dependencies:
    "@babel/runtime" "^7.13.10"
    "@radix-ui/primitive" "1.0.0"
    "@radix-ui/react-compose-refs" "1.0.0"
    "@radix-ui/react-context" "1.0.0"
    "@radix-ui/react-dismissable-layer" "1.0.2"
    "@radix-ui/react-focus-guards" "1.0.0"
    "@radix-ui/react-focus-scope" "1.0.1"
    "@radix-ui/react-id" "1.0.0"
    "@radix-ui/react-popper" "1.0.1"
    "@radix-ui/react-portal" "1.0.1"
    "@radix-ui/react-presence" "1.0.0"
    "@radix-ui/react-primitive" "1.0.1"
    "@radix-ui/react-slot" "1.0.1"
    "@radix-ui/react-use-controllable-state" "1.0.0"
    "aria-hidden" "^1.1.1"
    "react-remove-scroll" "2.5.5"

"@radix-ui/react-popper@1.0.1":
  "integrity" "sha512-J4Vj7k3k+EHNWgcKrE+BLlQfpewxA7Zd76h5I0bIa+/EqaIZ3DuwrbPj49O3wqN+STnXsBuxiHLiF0iU3yfovw=="
  "resolved" "https://registry.npmjs.org/@radix-ui/react-popper/-/react-popper-1.0.1.tgz"
  "version" "1.0.1"
  dependencies:
    "@babel/runtime" "^7.13.10"
    "@floating-ui/react-dom" "0.7.2"
    "@radix-ui/react-arrow" "1.0.1"
    "@radix-ui/react-compose-refs" "1.0.0"
    "@radix-ui/react-context" "1.0.0"
    "@radix-ui/react-primitive" "1.0.1"
    "@radix-ui/react-use-layout-effect" "1.0.0"
    "@radix-ui/react-use-rect" "1.0.0"
    "@radix-ui/react-use-size" "1.0.0"
    "@radix-ui/rect" "1.0.0"

"@radix-ui/react-portal@1.0.1":
  "integrity" "sha512-NY2vUWI5WENgAT1nfC6JS7RU5xRYBfjZVLq0HmgEN1Ezy3rk/UruMV4+Rd0F40PEaFC5SrLS1ixYvcYIQrb4Ig=="
  "resolved" "https://registry.npmjs.org/@radix-ui/react-portal/-/react-portal-1.0.1.tgz"
  "version" "1.0.1"
  dependencies:
    "@babel/runtime" "^7.13.10"
    "@radix-ui/react-primitive" "1.0.1"

"@radix-ui/react-presence@1.0.0":
  "integrity" "sha512-A+6XEvN01NfVWiKu38ybawfHsBjWum42MRPnEuqPsBZ4eV7e/7K321B5VgYMPv3Xx5An6o1/l9ZuDBgmcmWK3w=="
  "resolved" "https://registry.npmjs.org/@radix-ui/react-presence/-/react-presence-1.0.0.tgz"
  "version" "1.0.0"
  dependencies:
    "@babel/runtime" "^7.13.10"
    "@radix-ui/react-compose-refs" "1.0.0"
    "@radix-ui/react-use-layout-effect" "1.0.0"

"@radix-ui/react-primitive@1.0.1":
  "integrity" "sha512-fHbmislWVkZaIdeF6GZxF0A/NH/3BjrGIYj+Ae6eTmTCr7EB0RQAAVEiqsXK6p3/JcRqVSBQoceZroj30Jj3XA=="
  "resolved" "https://registry.npmjs.org/@radix-ui/react-primitive/-/react-primitive-1.0.1.tgz"
  "version" "1.0.1"
  dependencies:
    "@babel/runtime" "^7.13.10"
    "@radix-ui/react-slot" "1.0.1"

"@radix-ui/react-slot@1.0.1":
  "integrity" "sha512-avutXAFL1ehGvAXtPquu0YK5oz6ctS474iM3vNGQIkswrVhdrS52e3uoMQBzZhNRAIE0jBnUyXWNmSjGHhCFcw=="
  "resolved" "https://registry.npmjs.org/@radix-ui/react-slot/-/react-slot-1.0.1.tgz"
  "version" "1.0.1"
  dependencies:
    "@babel/runtime" "^7.13.10"
    "@radix-ui/react-compose-refs" "1.0.0"

"@radix-ui/react-use-callback-ref@1.0.0":
  "integrity" "sha512-GZtyzoHz95Rhs6S63D2t/eqvdFCm7I+yHMLVQheKM7nBD8mbZIt+ct1jz4536MDnaOGKIxynJ8eHTkVGVVkoTg=="
  "resolved" "https://registry.npmjs.org/@radix-ui/react-use-callback-ref/-/react-use-callback-ref-1.0.0.tgz"
  "version" "1.0.0"
  dependencies:
    "@babel/runtime" "^7.13.10"

"@radix-ui/react-use-controllable-state@1.0.0":
  "integrity" "sha512-FohDoZvk3mEXh9AWAVyRTYR4Sq7/gavuofglmiXB2g1aKyboUD4YtgWxKj8O5n+Uak52gXQ4wKz5IFST4vtJHg=="
  "resolved" "https://registry.npmjs.org/@radix-ui/react-use-controllable-state/-/react-use-controllable-state-1.0.0.tgz"
  "version" "1.0.0"
  dependencies:
    "@babel/runtime" "^7.13.10"
    "@radix-ui/react-use-callback-ref" "1.0.0"

"@radix-ui/react-use-escape-keydown@1.0.2":
  "integrity" "sha512-DXGim3x74WgUv+iMNCF+cAo8xUHHeqvjx8zs7trKf+FkQKPQXLk2sX7Gx1ysH7Q76xCpZuxIJE7HLPxRE+Q+GA=="
  "resolved" "https://registry.npmjs.org/@radix-ui/react-use-escape-keydown/-/react-use-escape-keydown-1.0.2.tgz"
  "version" "1.0.2"
  dependencies:
    "@babel/runtime" "^7.13.10"
    "@radix-ui/react-use-callback-ref" "1.0.0"

"@radix-ui/react-use-layout-effect@1.0.0":
  "integrity" "sha512-6Tpkq+R6LOlmQb1R5NNETLG0B4YP0wc+klfXafpUCj6JGyaUc8il7/kUZ7m59rGbXGczE9Bs+iz2qloqsZBduQ=="
  "resolved" "https://registry.npmjs.org/@radix-ui/react-use-layout-effect/-/react-use-layout-effect-1.0.0.tgz"
  "version" "1.0.0"
  dependencies:
    "@babel/runtime" "^7.13.10"

"@radix-ui/react-use-rect@1.0.0":
  "integrity" "sha512-TB7pID8NRMEHxb/qQJpvSt3hQU4sqNPM1VCTjTRjEOa7cEop/QMuq8S6fb/5Tsz64kqSvB9WnwsDHtjnrM9qew=="
  "resolved" "https://registry.npmjs.org/@radix-ui/react-use-rect/-/react-use-rect-1.0.0.tgz"
  "version" "1.0.0"
  dependencies:
    "@babel/runtime" "^7.13.10"
    "@radix-ui/rect" "1.0.0"

"@radix-ui/react-use-size@1.0.0":
  "integrity" "sha512-imZ3aYcoYCKhhgNpkNDh/aTiU05qw9hX+HHI1QDBTyIlcFjgeFlKKySNGMwTp7nYFLQg/j0VA2FmCY4WPDDHMg=="
  "resolved" "https://registry.npmjs.org/@radix-ui/react-use-size/-/react-use-size-1.0.0.tgz"
  "version" "1.0.0"
  dependencies:
    "@babel/runtime" "^7.13.10"
    "@radix-ui/react-use-layout-effect" "1.0.0"

"@radix-ui/rect@1.0.0":
  "integrity" "sha512-d0O68AYy/9oeEy1DdC07bz1/ZXX+DqCskRd3i4JzLSTXwefzaepQrKjXC7aNM8lTHjFLDO0pDgaEiQ7jEk+HVg=="
  "resolved" "https://registry.npmjs.org/@radix-ui/rect/-/rect-1.0.0.tgz"
  "version" "1.0.0"
  dependencies:
    "@babel/runtime" "^7.13.10"

"@stitches/react@1.2.8":
  "integrity" "sha512-9g9dWI4gsSVe8bNLlb+lMkBYsnIKCZTmvqvDG+Avnn69XfmHZKiaMrx7cgTaddq7aTPPmXiTsbFcUy0xgI4+wA=="
  "resolved" "https://registry.npmjs.org/@stitches/react/-/react-1.2.8.tgz"
  "version" "1.2.8"

"@swc/helpers@0.4.11":
  "integrity" "sha512-rEUrBSGIoSFuYxwBYtlUFMlE2CwGhmW+w9355/5oduSw8e5h2+Tj4UrAGNNgP9915++wj5vkQo0UuOBqOAq4nw=="
  "resolved" "https://registry.npmjs.org/@swc/helpers/-/helpers-0.4.11.tgz"
  "version" "0.4.11"
  dependencies:
    "tslib" "^2.4.0"

"@types/node@^18.0.6":
  "integrity" "sha512-CRpX21/kGdzjOpFsZSkcrXMGIBWMGNIHXXBVFSH+ggkftxg+XYP20TESbh+zFvFj3EQOl5byk0HTRn1IL6hbqg=="
  "resolved" "https://registry.npmjs.org/@types/node/-/node-18.11.9.tgz"
  "version" "18.11.9"

"@types/prop-types@*":
  "integrity" "sha512-JCB8C6SnDoQf0cNycqd/35A7MjcnK+ZTqE7judS6o7utxUCg6imJg3QK2qzHKszlTjcj2cn+NwMB2i96ubpj7w=="
  "resolved" "https://registry.npmjs.org/@types/prop-types/-/prop-types-15.7.5.tgz"
  "version" "15.7.5"

"@types/react-dom@^18.0.6":
  "integrity" "sha512-C3GYO0HLaOkk9dDAz3Dl4sbe4AKUGTCfFIZsz3n/82dPNN8Du533HzKatDxeUYWu24wJgMP1xICqkWk1YOLOIw=="
  "resolved" "https://registry.npmjs.org/@types/react-dom/-/react-dom-18.0.8.tgz"
  "version" "18.0.8"
  dependencies:
    "@types/react" "*"

"@types/react@*", "@types/react@^16.8.0 || ^17.0.0 || ^18.0.0", "@types/react@^16.9.0 || ^17.0.0 || ^18.0.0", "@types/react@^18.0.15":
  "integrity" "sha512-xD6c0KDT4m7n9uD4ZHi02lzskaiqcBxf4zi+tXZY98a04wvc0hi/TcCPC2FOESZi51Nd7tlUeOJY8RofL799/g=="
  "resolved" "https://registry.npmjs.org/@types/react/-/react-18.0.25.tgz"
  "version" "18.0.25"
  dependencies:
    "@types/prop-types" "*"
    "@types/scheduler" "*"
    "csstype" "^3.0.2"

"@types/scheduler@*":
  "integrity" "sha512-hppQEBDmlwhFAXKJX2KnWLYu5yMfi91yazPb2l+lbJiwW+wdo1gNeRA+3RgNSO39WYX2euey41KEwnqesU2Jew=="
  "resolved" "https://registry.npmjs.org/@types/scheduler/-/scheduler-0.16.2.tgz"
  "version" "0.16.2"

"aria-hidden@^1.1.1":
  "integrity" "sha512-PN344VAf9j1EAi+jyVHOJ8XidQdPVssGco39eNcsGdM4wcsILtxrKLkbuiMfLWYROK1FjRQasMWCBttrhjnr6A=="
  "resolved" "https://registry.npmjs.org/aria-hidden/-/aria-hidden-1.2.1.tgz"
  "version" "1.2.1"
  dependencies:
    "tslib" "^2.0.0"

"caniuse-lite@^1.0.30001406":
  "integrity" "sha512-zBUoFU0ZcxpvSt9IU66dXVT/3ctO1cy4y9cscs1szkPlcWb6pasYM144GqrUygUbT+k7cmUCW61cvskjcv0enQ=="
  "resolved" "https://registry.npmjs.org/caniuse-lite/-/caniuse-lite-1.0.30001431.tgz"
  "version" "1.0.30001431"

"client-only@0.0.1":
  "integrity" "sha512-IV3Ou0jSMzZrd3pZ48nLkT9DA7Ag1pnPzaiQhpW7c3RbcqqzvzzVu+L8gfqMp/8IM2MQtSiqaCxrrcfu8I8rMA=="
  "resolved" "https://registry.npmjs.org/client-only/-/client-only-0.0.1.tgz"
  "version" "0.0.1"

"csstype@^3.0.2":
  "integrity" "sha512-DJR/VvkAvSZW9bTouZue2sSxDwdTN92uHjqeKVm+0dAqdfNykRzQ95tay8aXMBAAPpUiq4Qcug2L7neoRh2Egw=="
  "resolved" "https://registry.npmjs.org/csstype/-/csstype-3.1.1.tgz"
  "version" "3.1.1"

"detect-node-es@^1.1.0":
  "integrity" "sha512-ypdmJU/TbBby2Dxibuv7ZLW3Bs1QEmM7nHjEANfohJLvE0XVujisn1qPJcZxg+qDucsr+bP6fLD1rPS3AhJ7EQ=="
  "resolved" "https://registry.npmjs.org/detect-node-es/-/detect-node-es-1.1.0.tgz"
  "version" "1.1.0"

"get-nonce@^1.0.0":
  "integrity" "sha512-FJhYRoDaiatfEkUK8HKlicmu/3SGFD51q3itKDGoSTysQJBnfOcxU5GxnhE1E6soB76MbT0MBtnKJuXyAx+96Q=="
  "resolved" "https://registry.npmjs.org/get-nonce/-/get-nonce-1.0.1.tgz"
  "version" "1.0.1"

"invariant@^2.2.4":
  "integrity" "sha512-phJfQVBuaJM5raOpJjSfkiD6BpbCE4Ns//LaXl6wGYtUBY83nWS6Rf9tXm2e8VaK60JEjYldbPif/A2B1C2gNA=="
  "resolved" "https://registry.npmjs.org/invariant/-/invariant-2.2.4.tgz"
  "version" "2.2.4"
  dependencies:
    "loose-envify" "^1.0.0"

"js-tokens@^3.0.0 || ^4.0.0":
  "integrity" "sha512-RdJUflcE3cUzKiMqQgsCu06FPu9UdIJO0beYbPhHN4k6apgJtifcoCtT9bcxOpYBtpD2kCM6Sbzg4CausW/PKQ=="
  "resolved" "https://registry.npmjs.org/js-tokens/-/js-tokens-4.0.0.tgz"
  "version" "4.0.0"

"loose-envify@^1.0.0", "loose-envify@^1.1.0":
  "integrity" "sha512-lyuxPGr/Wfhrlem2CL/UcnUc1zcqKAImBDzukY7Y5F/yQiNdko6+fRLevlw1HgMySw7f611UIY408EtxRSoK3Q=="
  "resolved" "https://registry.npmjs.org/loose-envify/-/loose-envify-1.4.0.tgz"
  "version" "1.4.0"
  dependencies:
    "js-tokens" "^3.0.0 || ^4.0.0"

"nanoid@^3.3.4":
  "integrity" "sha512-MqBkQh/OHTS2egovRtLk45wEyNXwF+cokD+1YPf9u5VfJiRdAiRwB2froX5Co9Rh20xs4siNPm8naNotSD6RBw=="
  "resolved" "https://registry.npmjs.org/nanoid/-/nanoid-3.3.4.tgz"
  "version" "3.3.4"

"next@latest":
  "integrity" "sha512-uQ5z5e4D9mOe8+upy6bQdYYjo/kk1v3jMW87kTy2TgAyAsEO+CkwRnMgyZ4JoHEnhPZLHwh7dk0XymRNLe1gFw=="
  "resolved" "https://registry.npmjs.org/next/-/next-13.0.2.tgz"
  "version" "13.0.2"
  dependencies:
    "@next/env" "13.0.2"
    "@swc/helpers" "0.4.11"
    "caniuse-lite" "^1.0.30001406"
    "postcss" "8.4.14"
    "styled-jsx" "5.1.0"
    "use-sync-external-store" "1.2.0"
  optionalDependencies:
    "@next/swc-android-arm-eabi" "13.0.2"
    "@next/swc-android-arm64" "13.0.2"
    "@next/swc-darwin-arm64" "13.0.2"
    "@next/swc-darwin-x64" "13.0.2"
    "@next/swc-freebsd-x64" "13.0.2"
    "@next/swc-linux-arm-gnueabihf" "13.0.2"
    "@next/swc-linux-arm64-gnu" "13.0.2"
    "@next/swc-linux-arm64-musl" "13.0.2"
    "@next/swc-linux-x64-gnu" "13.0.2"
    "@next/swc-linux-x64-musl" "13.0.2"
    "@next/swc-win32-arm64-msvc" "13.0.2"
    "@next/swc-win32-ia32-msvc" "13.0.2"
    "@next/swc-win32-x64-msvc" "13.0.2"

"picocolors@^1.0.0":
  "integrity" "sha512-1fygroTLlHu66zi26VoTDv8yRgm0Fccecssto+MhsZ0D/DGW2sm8E8AjW7NU5VVTRt5GxbeZ5qBuJr+HyLYkjQ=="
  "resolved" "https://registry.npmjs.org/picocolors/-/picocolors-1.0.0.tgz"
  "version" "1.0.0"

"postcss@8.4.14":
  "integrity" "sha512-E398TUmfAYFPBSdzgeieK2Y1+1cpdxJx8yXbK/m57nRhKSmk1GB2tO4lbLBtlkfPQTDKfe4Xqv1ASWPpayPEig=="
  "resolved" "https://registry.npmjs.org/postcss/-/postcss-8.4.14.tgz"
  "version" "8.4.14"
  dependencies:
    "nanoid" "^3.3.4"
    "picocolors" "^1.0.0"
    "source-map-js" "^1.0.2"

"react-dom@^16.8 || ^17.0 || ^18.0", "react-dom@^18.2.0", "react-dom@>=16.8.0", "react-dom@18.2.0":
  "integrity" "sha512-6IMTriUmvsjHUjNtEDudZfuDQUoWXVxKHhlEGSk81n4YFS+r/Kl99wXiwlVXtPBtJenozv2P+hxDsw9eA7Xo6g=="
  "resolved" "https://registry.npmjs.org/react-dom/-/react-dom-18.2.0.tgz"
  "version" "18.2.0"
  dependencies:
    "loose-envify" "^1.1.0"
    "scheduler" "^0.23.0"

"react-remove-scroll-bar@^2.3.3":
  "integrity" "sha512-63C4YQBUt0m6ALadE9XV56hV8BgJWDmmTPY758iIJjfQKt2nYwoUrPk0LXRXcB/yIj82T1/Ixfdpdk68LwIB0A=="
  "resolved" "https://registry.npmjs.org/react-remove-scroll-bar/-/react-remove-scroll-bar-2.3.4.tgz"
  "version" "2.3.4"
  dependencies:
    "react-style-singleton" "^2.2.1"
    "tslib" "^2.0.0"

"react-remove-scroll@2.5.5":
  "integrity" "sha512-ImKhrzJJsyXJfBZ4bzu8Bwpka14c/fQt0k+cyFp/PBhTfyDnU5hjOtM4AG/0AMyy8oKzOTR0lDgJIM7pYXI0kw=="
  "resolved" "https://registry.npmjs.org/react-remove-scroll/-/react-remove-scroll-2.5.5.tgz"
  "version" "2.5.5"
  dependencies:
    "react-remove-scroll-bar" "^2.3.3"
    "react-style-singleton" "^2.2.1"
    "tslib" "^2.1.0"
    "use-callback-ref" "^1.3.0"
    "use-sidecar" "^1.1.2"

"react-style-singleton@^2.2.1":
  "integrity" "sha512-ZWj0fHEMyWkHzKYUr2Bs/4zU6XLmq9HsgBURm7g5pAVfyn49DgUiNgY2d4lXRlYSiCif9YBGpQleewkcqddc7g=="
  "resolved" "https://registry.npmjs.org/react-style-singleton/-/react-style-singleton-2.2.1.tgz"
  "version" "2.2.1"
  dependencies:
    "get-nonce" "^1.0.0"
    "invariant" "^2.2.4"
    "tslib" "^2.0.0"

"react@^16.8 || ^17.0 || ^18.0", "react@^16.8.0 || ^17.0.0 || ^18.0.0", "react@^16.9.0 || ^17.0.0 || ^18.0.0", "react@^18.2.0", "react@>= 16.3.0", "react@>= 16.8.0 || 17.x.x || ^18.0.0-0", "react@>=16.8.0", "react@18.2.0":
  "integrity" "sha512-/3IjMdb2L9QbBdWiW5e3P2/npwMBaU9mHCSCUzNln0ZCYbcfTsGbTJrU/kGemdH2IWmB2ioZ+zkxtmq6g09fGQ=="
  "resolved" "https://registry.npmjs.org/react/-/react-18.2.0.tgz"
  "version" "18.2.0"
  dependencies:
    "loose-envify" "^1.1.0"

"regenerator-runtime@^0.13.10":
  "integrity" "sha512-KepLsg4dU12hryUO7bp/axHAKvwGOCV0sGloQtpagJ12ai+ojVDqkeGSiRX1zlq+kjIMZ1t7gpze+26QqtdGqw=="
  "resolved" "https://registry.npmjs.org/regenerator-runtime/-/regenerator-runtime-0.13.10.tgz"
  "version" "0.13.10"

"scheduler@^0.23.0":
  "integrity" "sha512-CtuThmgHNg7zIZWAXi3AsyIzA3n4xx7aNyjwC2VJldO2LMVDhFK+63xGqq6CsJH4rTAt6/M+N4GhZiDYPx9eUw=="
  "resolved" "https://registry.npmjs.org/scheduler/-/scheduler-0.23.0.tgz"
  "version" "0.23.0"
  dependencies:
    "loose-envify" "^1.1.0"

"source-map-js@^1.0.2":
  "integrity" "sha512-R0XvVJ9WusLiqTCEiGCmICCMplcCkIwwR11mOSD9CR5u+IXYdiseeEuXCVAjS54zqwkLcPNnmU4OeJ6tUrWhDw=="
  "resolved" "https://registry.npmjs.org/source-map-js/-/source-map-js-1.0.2.tgz"
  "version" "1.0.2"

"styled-jsx@5.1.0":
  "integrity" "sha512-/iHaRJt9U7T+5tp6TRelLnqBqiaIT0HsO0+vgyj8hK2KUk7aejFqRrumqPUlAqDwAj8IbS/1hk3IhBAAK/FCUQ=="
  "resolved" "https://registry.npmjs.org/styled-jsx/-/styled-jsx-5.1.0.tgz"
  "version" "5.1.0"
  dependencies:
    "client-only" "0.0.1"

"tslib@^2.0.0", "tslib@^2.1.0", "tslib@^2.4.0":
  "integrity" "sha512-tGyy4dAjRIEwI7BzsB0lynWgOpfqjUdq91XXAlIWD2OwKBH7oCl/GZG/HT4BOHrTlPMOASlMQ7veyTqpmRcrNA=="
  "resolved" "https://registry.npmjs.org/tslib/-/tslib-2.4.1.tgz"
  "version" "2.4.1"

"typescript@^4.7.4":
  "integrity" "sha512-QCh+85mCy+h0IGff8r5XWzOVSbBO+KfeYrMQh7NJ58QujwcE22u+NUSmUxqF+un70P9GXKxa2HCNiTTMJknyjQ=="
  "resolved" "https://registry.npmjs.org/typescript/-/typescript-4.8.4.tgz"
  "version" "4.8.4"

"use-callback-ref@^1.3.0":
  "integrity" "sha512-3FT9PRuRdbB9HfXhEq35u4oZkvpJ5kuYbpqhCfmiZyReuRgpnhDlbr2ZEnnuS0RrJAPn6l23xjFg9kpDM+Ms7w=="
  "resolved" "https://registry.npmjs.org/use-callback-ref/-/use-callback-ref-1.3.0.tgz"
  "version" "1.3.0"
  dependencies:
    "tslib" "^2.0.0"

"use-isomorphic-layout-effect@^1.1.1":
  "integrity" "sha512-49L8yCO3iGT/ZF9QttjwLF/ZD9Iwto5LnH5LmEdk/6cFmXddqi2ulF0edxTwjj+7mqvpVVGQWvbXZdn32wRSHA=="
  "resolved" "https://registry.npmjs.org/use-isomorphic-layout-effect/-/use-isomorphic-layout-effect-1.1.2.tgz"
  "version" "1.1.2"

"use-sidecar@^1.1.2":
  "integrity" "sha512-epTbsLuzZ7lPClpz2TyryBfztm7m+28DlEv2ZCQ3MDr5ssiwyOwGH/e5F9CkfWjJ1t4clvI58yF822/GUkjjhw=="
  "resolved" "https://registry.npmjs.org/use-sidecar/-/use-sidecar-1.1.2.tgz"
  "version" "1.1.2"
  dependencies:
    "detect-node-es" "^1.1.0"
    "tslib" "^2.0.0"

"use-sync-external-store@1.2.0":
  "integrity" "sha512-eEgnFxGQ1Ife9bzYs6VLi8/4X6CObHMw9Qr9tPY43iKwsPw8xE8+EFsf/2cFZ5S3esXgpWgtSCtLNS41F+sKPA=="
  "resolved" "https://registry.npmjs.org/use-sync-external-store/-/use-sync-external-store-1.2.0.tgz"
  "version" "1.2.0"
